// !$*UTF8*$!
{
	archiveVersion = 1;
	classes = {
	};
	objectVersion = 46;
	objects = {

/* Begin PBXBuildFile section */
		A8599B6D1F3B015700819EEA /* AppDelegate.swift in Sources */ = {isa = PBXBuildFile; fileRef = A8599B6C1F3B015700819EEA /* AppDelegate.swift */; };
		A8599B6F1F3B015700819EEA /* ViewController.swift in Sources */ = {isa = PBXBuildFile; fileRef = A8599B6E1F3B015700819EEA /* ViewController.swift */; };
		A8599B721F3B015700819EEA /* Main.storyboard in Resources */ = {isa = PBXBuildFile; fileRef = A8599B701F3B015700819EEA /* Main.storyboard */; };
		A8599B741F3B015700819EEA /* Assets.xcassets in Resources */ = {isa = PBXBuildFile; fileRef = A8599B731F3B015700819EEA /* Assets.xcassets */; };
		A8599B771F3B015700819EEA /* LaunchScreen.storyboard in Resources */ = {isa = PBXBuildFile; fileRef = A8599B751F3B015700819EEA /* LaunchScreen.storyboard */; };
/* End PBXBuildFile section */

/* Begin PBXFileReference section */
		A8599B691F3B015700819EEA /* citest.app */ = {isa = PBXFileReference; explicitFileType = wrapper.application; includeInIndex = 0; path = citest.app; sourceTree = BUILT_PRODUCTS_DIR; };
		A8599B6C1F3B015700819EEA /* AppDelegate.swift */ = {isa = PBXFileReference; lastKnownFileType = sourcecode.swift; path = AppDelegate.swift; sourceTree = "<group>"; };
		A8599B6E1F3B015700819EEA /* ViewController.swift */ = {isa = PBXFileReference; lastKnownFileType = sourcecode.swift; path = ViewController.swift; sourceTree = "<group>"; };
		A8599B711F3B015700819EEA /* Base */ = {isa = PBXFileReference; lastKnownFileType = file.storyboard; name = Base; path = Base.lproj/Main.storyboard; sourceTree = "<group>"; };
		A8599B731F3B015700819EEA /* Assets.xcassets */ = {isa = PBXFileReference; lastKnownFileType = folder.assetcatalog; path = Assets.xcassets; sourceTree = "<group>"; };
		A8599B761F3B015700819EEA /* Base */ = {isa = PBXFileReference; lastKnownFileType = file.storyboard; name = Base; path = Base.lproj/LaunchScreen.storyboard; sourceTree = "<group>"; };
		A8599B781F3B015700819EEA /* Info.plist */ = {isa = PBXFileReference; lastKnownFileType = text.plist.xml; path = Info.plist; sourceTree = "<group>"; };
/* End PBXFileReference section */

/* Begin PBXFrameworksBuildPhase section */
		A8599B661F3B015700819EEA /* Frameworks */ = {
			isa = PBXFrameworksBuildPhase;
			buildActionMask = 2147483647;
			files = (
			);
			runOnlyForDeploymentPostprocessing = 0;
		};
/* End PBXFrameworksBuildPhase section */

/* Begin PBXGroup section */
		A8599B601F3B015700819EEA = {
			isa = PBXGroup;
			children = (
				A8599B6B1F3B015700819EEA /* citest */,
				A8599B6A1F3B015700819EEA /* Products */,
			);
			sourceTree = "<group>";
		};
		A8599B6A1F3B015700819EEA /* Products */ = {
			isa = PBXGroup;
			children = (
				A8599B691F3B015700819EEA /* citest.app */,
			);
			name = Products;
			sourceTree = "<group>";
		};
		A8599B6B1F3B015700819EEA /* citest */ = {
			isa = PBXGroup;
			children = (
				A8599B6C1F3B015700819EEA /* AppDelegate.swift */,
				A8599B6E1F3B015700819EEA /* ViewController.swift */,
				A8599B701F3B015700819EEA /* Main.storyboard */,
				A8599B731F3B015700819EEA /* Assets.xcassets */,
				A8599B751F3B015700819EEA /* LaunchScreen.storyboard */,
				A8599B781F3B015700819EEA /* Info.plist */,
			);
			path = citest;
			sourceTree = "<group>";
		};
/* End PBXGroup section */

/* Begin PBXNativeTarget section */
		A8599B681F3B015700819EEA /* citest */ = {
			isa = PBXNativeTarget;
			buildConfigurationList = A8599B7B1F3B015700819EEA /* Build configuration list for PBXNativeTarget "citest" */;
			buildPhases = (
				A8599B651F3B015700819EEA /* Sources */,
				A8599B661F3B015700819EEA /* Frameworks */,
				A8599B671F3B015700819EEA /* Resources */,
			);
			buildRules = (
			);
			dependencies = (
			);
			name = citest;
			productName = citest;
			productReference = A8599B691F3B015700819EEA /* citest.app */;
			productType = "com.apple.product-type.application";
		};
/* End PBXNativeTarget section */

/* Begin PBXProject section */
		A8599B611F3B015700819EEA /* Project object */ = {
			isa = PBXProject;
			attributes = {
				LastSwiftUpdateCheck = 0830;
				LastUpgradeCheck = 0830;
				ORGANIZATIONNAME = "Masaki Hasegawa";
				TargetAttributes = {
					A8599B681F3B015700819EEA = {
						CreatedOnToolsVersion = 8.3.3;
						ProvisioningStyle = Automatic;
					};
				};
			};
			buildConfigurationList = A8599B641F3B015700819EEA /* Build configuration list for PBXProject "citest" */;
			compatibilityVersion = "Xcode 3.2";
			developmentRegion = English;
			hasScannedForEncodings = 0;
			knownRegions = (
				en,
				Base,
			);
			mainGroup = A8599B601F3B015700819EEA;
			productRefGroup = A8599B6A1F3B015700819EEA /* Products */;
			projectDirPath = "";
			projectRoot = "";
			targets = (
				A8599B681F3B015700819EEA /* citest */,
			);
		};
/* End PBXProject section */

/* Begin PBXResourcesBuildPhase section */
		A8599B671F3B015700819EEA /* Resources */ = {
			isa = PBXResourcesBuildPhase;
			buildActionMask = 2147483647;
			files = (
				A8599B771F3B015700819EEA /* LaunchScreen.storyboard in Resources */,
				A8599B741F3B015700819EEA /* Assets.xcassets in Resources */,
				A8599B721F3B015700819EEA /* Main.storyboard in Resources */,
			);
			runOnlyForDeploymentPostprocessing = 0;
		};
/* End PBXResourcesBuildPhase section */

/* Begin PBXSourcesBuildPhase section */
		A8599B651F3B015700819EEA /* Sources */ = {
			isa = PBXSourcesBuildPhase;
			buildActionMask = 2147483647;
			files = (
				A8599B6F1F3B015700819EEA /* ViewController.swift in Sources */,
				A8599B6D1F3B015700819EEA /* AppDelegate.swift in Sources */,
			);
			runOnlyForDeploymentPostprocessing = 0;
		};
/* End PBXSourcesBuildPhase section */

/* Begin PBXVariantGroup section */
		A8599B701F3B015700819EEA /* Main.storyboard */ = {
			isa = PBXVariantGroup;
			children = (
				A8599B711F3B015700819EEA /* Base */,
			);
			name = Main.storyboard;
			sourceTree = "<group>";
		};
		A8599B751F3B015700819EEA /* LaunchScreen.storyboard */ = {
			isa = PBXVariantGroup;
			children = (
				A8599B761F3B015700819EEA /* Base */,
			);
			name = LaunchScreen.storyboard;
			sourceTree = "<group>";
		};
/* End PBXVariantGroup section */

/* Begin XCBuildConfiguration section */
		A8599B791F3B015700819EEA /* Debug */ = {
			isa = XCBuildConfiguration;
			buildSettings = {
				ALWAYS_SEARCH_USER_PATHS = NO;
				CLANG_ANALYZER_NONNULL = YES;
				CLANG_ANALYZER_NUMBER_OBJECT_CONVERSION = YES_AGGRESSIVE;
				CLANG_CXX_LANGUAGE_STANDARD = "gnu++0x";
				CLANG_CXX_LIBRARY = "libc++";
				CLANG_ENABLE_MODULES = YES;
				CLANG_ENABLE_OBJC_ARC = YES;
				CLANG_WARN_BOOL_CONVERSION = YES;
				CLANG_WARN_CONSTANT_CONVERSION = YES;
				CLANG_WARN_DIRECT_OBJC_ISA_USAGE = YES_ERROR;
				CLANG_WARN_DOCUMENTATION_COMMENTS = YES;
				CLANG_WARN_EMPTY_BODY = YES;
				CLANG_WARN_ENUM_CONVERSION = YES;
				CLANG_WARN_INFINITE_RECURSION = YES;
				CLANG_WARN_INT_CONVERSION = YES;
				CLANG_WARN_OBJC_ROOT_CLASS = YES_ERROR;
				CLANG_WARN_SUSPICIOUS_MOVE = YES;
				CLANG_WARN_UNREACHABLE_CODE = YES;
				CLANG_WARN__DUPLICATE_METHOD_MATCH = YES;
				"CODE_SIGN_IDENTITY[sdk=iphoneos*]" = "iPhone Developer";
				COPY_PHASE_STRIP = NO;
				DEBUG_INFORMATION_FORMAT = dwarf;
				ENABLE_STRICT_OBJC_MSGSEND = YES;
				ENABLE_TESTABILITY = YES;
				GCC_C_LANGUAGE_STANDARD = gnu99;
				GCC_DYNAMIC_NO_PIC = NO;
				GCC_NO_COMMON_BLOCKS = YES;
				GCC_OPTIMIZATION_LEVEL = 0;
				GCC_PREPROCESSOR_DEFINITIONS = (
					"DEBUG=1",
					"$(inherited)",
				);
				GCC_WARN_64_TO_32_BIT_CONVERSION = YES;
				GCC_WARN_ABOUT_RETURN_TYPE = YES_ERROR;
				GCC_WARN_UNDECLARED_SELECTOR = YES;
				GCC_WARN_UNINITIALIZED_AUTOS = YES_AGGRESSIVE;
				GCC_WARN_UNUSED_FUNCTION = YES;
				GCC_WARN_UNUSED_VARIABLE = YES;
				IPHONEOS_DEPLOYMENT_TARGET = 10.3;
				MTL_ENABLE_DEBUG_INFO = YES;
				ONLY_ACTIVE_ARCH = YES;
				SDKROOT = iphoneos;
				SWIFT_ACTIVE_COMPILATION_CONDITIONS = DEBUG;
				SWIFT_OPTIMIZATION_LEVEL = "-Onone";
			};
			name = Debug;
		};
		A8599B7A1F3B015700819EEA /* Release */ = {
			isa = XCBuildConfiguration;
			buildSettings = {
				ALWAYS_SEARCH_USER_PATHS = NO;
				CLANG_ANALYZER_NONNULL = YES;
				CLANG_ANALYZER_NUMBER_OBJECT_CONVERSION = YES_AGGRESSIVE;
				CLANG_CXX_LANGUAGE_STANDARD = "gnu++0x";
				CLANG_CXX_LIBRARY = "libc++";
				CLANG_ENABLE_MODULES = YES;
				CLANG_ENABLE_OBJC_ARC = YES;
				CLANG_WARN_BOOL_CONVERSION = YES;
				CLANG_WARN_CONSTANT_CONVERSION = YES;
				CLANG_WARN_DIRECT_OBJC_ISA_USAGE = YES_ERROR;
				CLANG_WARN_DOCUMENTATION_COMMENTS = YES;
				CLANG_WARN_EMPTY_BODY = YES;
				CLANG_WARN_ENUM_CONVERSION = YES;
				CLANG_WARN_INFINITE_RECURSION = YES;
				CLANG_WARN_INT_CONVERSION = YES;
				CLANG_WARN_OBJC_ROOT_CLASS = YES_ERROR;
				CLANG_WARN_SUSPICIOUS_MOVE = YES;
				CLANG_WARN_UNREACHABLE_CODE = YES;
				CLANG_WARN__DUPLICATE_METHOD_MATCH = YES;
				"CODE_SIGN_IDENTITY[sdk=iphoneos*]" = "iPhone Developer";
				COPY_PHASE_STRIP = NO;
				DEBUG_INFORMATION_FORMAT = "dwarf-with-dsym";
				ENABLE_NS_ASSERTIONS = NO;
				ENABLE_STRICT_OBJC_MSGSEND = YES;
				GCC_C_LANGUAGE_STANDARD = gnu99;
				GCC_NO_COMMON_BLOCKS = YES;
				GCC_WARN_64_TO_32_BIT_CONVERSION = YES;
				GCC_WARN_ABOUT_RETURN_TYPE = YES_ERROR;
				GCC_WARN_UNDECLARED_SELECTOR = YES;
				GCC_WARN_UNINITIALIZED_AUTOS = YES_AGGRESSIVE;
				GCC_WARN_UNUSED_FUNCTION = YES;
				GCC_WARN_UNUSED_VARIABLE = YES;
				IPHONEOS_DEPLOYMENT_TARGET = 10.3;
				MTL_ENABLE_DEBUG_INFO = NO;
				SDKROOT = iphoneos;
				SWIFT_OPTIMIZATION_LEVEL = "-Owholemodule";
				VALIDATE_PRODUCT = YES;
			};
			name = Release;
		};
		A8599B7C1F3B015700819EEA /* Debug */ = {
			isa = XCBuildConfiguration;
			buildSettings = {
				ASSETCATALOG_COMPILER_APPICON_NAME = AppIcon;
				INFOPLIST_FILE = citest/Info.plist;
				LD_RUNPATH_SEARCH_PATHS = "$(inherited) @executable_path/Frameworks";
				PRODUCT_BUNDLE_IDENTIFIER = "Masaki-Hasegawa.citest";
				PRODUCT_NAME = "$(TARGET_NAME)";
				SWIFT_VERSION = 3.0;
			};
			name = Debug;
		};
		A8599B7D1F3B015700819EEA /* Release */ = {
			isa = XCBuildConfiguration;
			buildSettings = {
				ASSETCATALOG_COMPILER_APPICON_NAME = AppIcon;
				INFOPLIST_FILE = citest/Info.plist;
				LD_RUNPATH_SEARCH_PATHS = "$(inherited) @executable_path/Frameworks";
				PRODUCT_BUNDLE_IDENTIFIER = "Masaki-Hasegawa.citest";
				PRODUCT_NAME = "$(TARGET_NAME)";
				SWIFT_VERSION = 3.0;
			};
			name = Release;
		};
/* End XCBuildConfiguration section */

/* Begin XCConfigurationList section */
		A8599B641F3B015700819EEA /* Build configuration list for PBXProject "citest" */ = {
			isa = XCConfigurationList;
			buildConfigurations = (
				A8599B791F3B015700819EEA /* Debug */,
				A8599B7A1F3B015700819EEA /* Release */,
			);
			defaultConfigurationIsVisible = 0;
			defaultConfigurationName = Release;
		};
		A8599B7B1F3B015700819EEA /* Build configuration list for PBXNativeTarget "citest" */ = {
			isa = XCConfigurationList;
			buildConfigurations = (
				A8599B7C1F3B015700819EEA /* Debug */,
				A8599B7D1F3B015700819EEA /* Release */,
			);
			defaultConfigurationIsVisible = 0;
		};
/* End XCConfigurationList section */
	};
	rootObject = A8599B611F3B015700819EEA /* Project object */;
}
